// !$*UTF8*$!
{
	archiveVersion = 1;
	classes = {
	};
	objectVersion = 46;
	objects = {

/* Begin PBXBuildFile section */
		0C0019FE1CAF91FB00CD29EC /* main.m in Sources */ = {isa = PBXBuildFile; fileRef = 0C0019FD1CAF91FB00CD29EC /* main.m */; };
		0C001A011CAF91FB00CD29EC /* AppDelegate.m in Sources */ = {isa = PBXBuildFile; fileRef = 0C001A001CAF91FB00CD29EC /* AppDelegate.m */; };
		0C001A041CAF91FB00CD29EC /* ViewController.m in Sources */ = {isa = PBXBuildFile; fileRef = 0C001A031CAF91FB00CD29EC /* ViewController.m */; };
		0C001A071CAF91FB00CD29EC /* Main.storyboard in Resources */ = {isa = PBXBuildFile; fileRef = 0C001A051CAF91FB00CD29EC /* Main.storyboard */; };
		0C001A091CAF91FB00CD29EC /* Assets.xcassets in Resources */ = {isa = PBXBuildFile; fileRef = 0C001A081CAF91FB00CD29EC /* Assets.xcassets */; };
		0C001A0C1CAF91FB00CD29EC /* LaunchScreen.storyboard in Resources */ = {isa = PBXBuildFile; fileRef = 0C001A0A1CAF91FB00CD29EC /* LaunchScreen.storyboard */; };
		0C19310D1CB37D66009EC30A /* main.m in Sources */ = {isa = PBXBuildFile; fileRef = 0C19310C1CB37D66009EC30A /* main.m */; };
		0C1931101CB37D66009EC30A /* AppDelegate.m in Sources */ = {isa = PBXBuildFile; fileRef = 0C19310F1CB37D66009EC30A /* AppDelegate.m */; };
		0C1931131CB37D66009EC30A /* ViewController.m in Sources */ = {isa = PBXBuildFile; fileRef = 0C1931121CB37D66009EC30A /* ViewController.m */; };
		0C1931161CB37D66009EC30A /* Main.storyboard in Resources */ = {isa = PBXBuildFile; fileRef = 0C1931141CB37D66009EC30A /* Main.storyboard */; };
		0C1931181CB37D66009EC30A /* Assets.xcassets in Resources */ = {isa = PBXBuildFile; fileRef = 0C1931171CB37D66009EC30A /* Assets.xcassets */; };
		0C19311B1CB37D66009EC30A /* LaunchScreen.storyboard in Resources */ = {isa = PBXBuildFile; fileRef = 0C1931191CB37D66009EC30A /* LaunchScreen.storyboard */; };
		0C1931231CB37DFE009EC30A /* Image.jpg in Resources */ = {isa = PBXBuildFile; fileRef = 0C1931221CB37DFE009EC30A /* Image.jpg */; };
		0C1931261CB3AD40009EC30A /* UIImage+ImageEffects.m in Sources */ = {isa = PBXBuildFile; fileRef = 0C1931251CB3AD40009EC30A /* UIImage+ImageEffects.m */; };
		0C19312F1CB3C1BC009EC30A /* main.m in Sources */ = {isa = PBXBuildFile; fileRef = 0C19312E1CB3C1BC009EC30A /* main.m */; };
		0C1931321CB3C1BC009EC30A /* AppDelegate.m in Sources */ = {isa = PBXBuildFile; fileRef = 0C1931311CB3C1BC009EC30A /* AppDelegate.m */; };
		0C1931351CB3C1BC009EC30A /* ViewController.m in Sources */ = {isa = PBXBuildFile; fileRef = 0C1931341CB3C1BC009EC30A /* ViewController.m */; };
		0C1931381CB3C1BC009EC30A /* Main.storyboard in Resources */ = {isa = PBXBuildFile; fileRef = 0C1931361CB3C1BC009EC30A /* Main.storyboard */; };
		0C19313A1CB3C1BC009EC30A /* Assets.xcassets in Resources */ = {isa = PBXBuildFile; fileRef = 0C1931391CB3C1BC009EC30A /* Assets.xcassets */; };
		0C19313D1CB3C1BC009EC30A /* LaunchScreen.storyboard in Resources */ = {isa = PBXBuildFile; fileRef = 0C19313B1CB3C1BC009EC30A /* LaunchScreen.storyboard */; };
/* End PBXBuildFile section */

/* Begin PBXFileReference section */
		0C0019FA1CAF91FB00CD29EC /* 03-NSURLComponents.app */ = {isa = PBXFileReference; explicitFileType = wrapper.application; includeInIndex = 0; path = "03-NSURLComponents.app"; sourceTree = BUILT_PRODUCTS_DIR; };
		0C0019FD1CAF91FB00CD29EC /* main.m */ = {isa = PBXFileReference; lastKnownFileType = sourcecode.c.objc; path = main.m; sourceTree = "<group>"; };
		0C0019FF1CAF91FB00CD29EC /* AppDelegate.h */ = {isa = PBXFileReference; lastKnownFileType = sourcecode.c.h; path = AppDelegate.h; sourceTree = "<group>"; };
		0C001A001CAF91FB00CD29EC /* AppDelegate.m */ = {isa = PBXFileReference; lastKnownFileType = sourcecode.c.objc; path = AppDelegate.m; sourceTree = "<group>"; };
		0C001A021CAF91FB00CD29EC /* ViewController.h */ = {isa = PBXFileReference; lastKnownFileType = sourcecode.c.h; path = ViewController.h; sourceTree = "<group>"; };
		0C001A031CAF91FB00CD29EC /* ViewController.m */ = {isa = PBXFileReference; lastKnownFileType = sourcecode.c.objc; path = ViewController.m; sourceTree = "<group>"; };
		0C001A061CAF91FB00CD29EC /* Base */ = {isa = PBXFileReference; lastKnownFileType = file.storyboard; name = Base; path = Base.lproj/Main.storyboard; sourceTree = "<group>"; };
		0C001A081CAF91FB00CD29EC /* Assets.xcassets */ = {isa = PBXFileReference; lastKnownFileType = folder.assetcatalog; path = Assets.xcassets; sourceTree = "<group>"; };
		0C001A0B1CAF91FB00CD29EC /* Base */ = {isa = PBXFileReference; lastKnownFileType = file.storyboard; name = Base; path = Base.lproj/LaunchScreen.storyboard; sourceTree = "<group>"; };
		0C001A0D1CAF91FB00CD29EC /* Info.plist */ = {isa = PBXFileReference; lastKnownFileType = text.plist.xml; path = Info.plist; sourceTree = "<group>"; };
		0C1931081CB37D66009EC30A /* Objective-C_iOS7PushingTheLimits.app */ = {isa = PBXFileReference; explicitFileType = wrapper.application; includeInIndex = 0; path = "Objective-C_iOS7PushingTheLimits.app"; sourceTree = BUILT_PRODUCTS_DIR; };
		0C19310C1CB37D66009EC30A /* main.m */ = {isa = PBXFileReference; lastKnownFileType = sourcecode.c.objc; path = main.m; sourceTree = "<group>"; };
		0C19310E1CB37D66009EC30A /* AppDelegate.h */ = {isa = PBXFileReference; lastKnownFileType = sourcecode.c.h; path = AppDelegate.h; sourceTree = "<group>"; };
		0C19310F1CB37D66009EC30A /* AppDelegate.m */ = {isa = PBXFileReference; lastKnownFileType = sourcecode.c.objc; path = AppDelegate.m; sourceTree = "<group>"; };
		0C1931111CB37D66009EC30A /* ViewController.h */ = {isa = PBXFileReference; lastKnownFileType = sourcecode.c.h; path = ViewController.h; sourceTree = "<group>"; };
		0C1931121CB37D66009EC30A /* ViewController.m */ = {isa = PBXFileReference; lastKnownFileType = sourcecode.c.objc; path = ViewController.m; sourceTree = "<group>"; };
		0C1931151CB37D66009EC30A /* Base */ = {isa = PBXFileReference; lastKnownFileType = file.storyboard; name = Base; path = Base.lproj/Main.storyboard; sourceTree = "<group>"; };
		0C1931171CB37D66009EC30A /* Assets.xcassets */ = {isa = PBXFileReference; lastKnownFileType = folder.assetcatalog; path = Assets.xcassets; sourceTree = "<group>"; };
		0C19311A1CB37D66009EC30A /* Base */ = {isa = PBXFileReference; lastKnownFileType = file.storyboard; name = Base; path = Base.lproj/LaunchScreen.storyboard; sourceTree = "<group>"; };
		0C19311C1CB37D66009EC30A /* Info.plist */ = {isa = PBXFileReference; lastKnownFileType = text.plist.xml; path = Info.plist; sourceTree = "<group>"; };
		0C1931221CB37DFE009EC30A /* Image.jpg */ = {isa = PBXFileReference; lastKnownFileType = image.jpeg; path = Image.jpg; sourceTree = "<group>"; };
		0C1931241CB3AD40009EC30A /* UIImage+ImageEffects.h */ = {isa = PBXFileReference; fileEncoding = 4; lastKnownFileType = sourcecode.c.h; path = "UIImage+ImageEffects.h"; sourceTree = "<group>"; };
		0C1931251CB3AD40009EC30A /* UIImage+ImageEffects.m */ = {isa = PBXFileReference; fileEncoding = 4; lastKnownFileType = sourcecode.c.objc; path = "UIImage+ImageEffects.m"; sourceTree = "<group>"; };
		0C19312B1CB3C1BC009EC30A /* 03-关联引用.app */ = {isa = PBXFileReference; explicitFileType = wrapper.application; includeInIndex = 0; path = "03-关联引用.app"; sourceTree = BUILT_PRODUCTS_DIR; };
		0C19312E1CB3C1BC009EC30A /* main.m */ = {isa = PBXFileReference; lastKnownFileType = sourcecode.c.objc; path = main.m; sourceTree = "<group>"; };
		0C1931301CB3C1BC009EC30A /* AppDelegate.h */ = {isa = PBXFileReference; lastKnownFileType = sourcecode.c.h; path = AppDelegate.h; sourceTree = "<group>"; };
		0C1931311CB3C1BC009EC30A /* AppDelegate.m */ = {isa = PBXFileReference; lastKnownFileType = sourcecode.c.objc; path = AppDelegate.m; sourceTree = "<group>"; };
		0C1931331CB3C1BC009EC30A /* ViewController.h */ = {isa = PBXFileReference; lastKnownFileType = sourcecode.c.h; path = ViewController.h; sourceTree = "<group>"; };
		0C1931341CB3C1BC009EC30A /* ViewController.m */ = {isa = PBXFileReference; lastKnownFileType = sourcecode.c.objc; path = ViewController.m; sourceTree = "<group>"; };
		0C1931371CB3C1BC009EC30A /* Base */ = {isa = PBXFileReference; lastKnownFileType = file.storyboard; name = Base; path = Base.lproj/Main.storyboard; sourceTree = "<group>"; };
		0C1931391CB3C1BC009EC30A /* Assets.xcassets */ = {isa = PBXFileReference; lastKnownFileType = folder.assetcatalog; path = Assets.xcassets; sourceTree = "<group>"; };
		0C19313C1CB3C1BC009EC30A /* Base */ = {isa = PBXFileReference; lastKnownFileType = file.storyboard; name = Base; path = Base.lproj/LaunchScreen.storyboard; sourceTree = "<group>"; };
		0C19313E1CB3C1BC009EC30A /* Info.plist */ = {isa = PBXFileReference; lastKnownFileType = text.plist.xml; path = Info.plist; sourceTree = "<group>"; };
/* End PBXFileReference section */

/* Begin PBXFrameworksBuildPhase section */
		0C0019F71CAF91FB00CD29EC /* Frameworks */ = {
			isa = PBXFrameworksBuildPhase;
			buildActionMask = 2147483647;
			files = (
			);
			runOnlyForDeploymentPostprocessing = 0;
		};
		0C1931051CB37D66009EC30A /* Frameworks */ = {
			isa = PBXFrameworksBuildPhase;
			buildActionMask = 2147483647;
			files = (
			);
			runOnlyForDeploymentPostprocessing = 0;
		};
		0C1931281CB3C1BC009EC30A /* Frameworks */ = {
			isa = PBXFrameworksBuildPhase;
			buildActionMask = 2147483647;
			files = (
			);
			runOnlyForDeploymentPostprocessing = 0;
		};
/* End PBXFrameworksBuildPhase section */

/* Begin PBXGroup section */
		0C0019FB1CAF91FB00CD29EC /* 03-NSURLComponents */ = {
			isa = PBXGroup;
			children = (
				0C0019FF1CAF91FB00CD29EC /* AppDelegate.h */,
				0C001A001CAF91FB00CD29EC /* AppDelegate.m */,
				0C0019FC1CAF91FB00CD29EC /* Supporting Files */,
			);
			path = "03-NSURLComponents";
			sourceTree = "<group>";
		};
		0C0019FC1CAF91FB00CD29EC /* Supporting Files */ = {
			isa = PBXGroup;
			children = (
				0C001A021CAF91FB00CD29EC /* ViewController.h */,
				0C001A031CAF91FB00CD29EC /* ViewController.m */,
				0C001A051CAF91FB00CD29EC /* Main.storyboard */,
				0C001A081CAF91FB00CD29EC /* Assets.xcassets */,
				0C001A0A1CAF91FB00CD29EC /* LaunchScreen.storyboard */,
				0C001A0D1CAF91FB00CD29EC /* Info.plist */,
				0C0019FD1CAF91FB00CD29EC /* main.m */,
			);
			name = "Supporting Files";
			sourceTree = "<group>";
		};
		0C1930FF1CB37D66009EC30A = {
			isa = PBXGroup;
			children = (
				0C19310A1CB37D66009EC30A /* 02-毛玻璃效果 */,
				0C19312C1CB3C1BC009EC30A /* 03-关联引用 */,
				0C0019FB1CAF91FB00CD29EC /* 03-NSURLComponents */,
				0C1931091CB37D66009EC30A /* Products */,
			);
			sourceTree = "<group>";
		};
		0C1931091CB37D66009EC30A /* Products */ = {
			isa = PBXGroup;
			children = (
				0C1931081CB37D66009EC30A /* Objective-C_iOS7PushingTheLimits.app */,
				0C19312B1CB3C1BC009EC30A /* 03-关联引用.app */,
				0C0019FA1CAF91FB00CD29EC /* 03-NSURLComponents.app */,
			);
			name = Products;
			sourceTree = "<group>";
		};
		0C19310A1CB37D66009EC30A /* 02-毛玻璃效果 */ = {
			isa = PBXGroup;
			children = (
				0C19310E1CB37D66009EC30A /* AppDelegate.h */,
				0C19310F1CB37D66009EC30A /* AppDelegate.m */,
				0C1931111CB37D66009EC30A /* ViewController.h */,
				0C1931121CB37D66009EC30A /* ViewController.m */,
				0C1931241CB3AD40009EC30A /* UIImage+ImageEffects.h */,
				0C1931251CB3AD40009EC30A /* UIImage+ImageEffects.m */,
				0C1931221CB37DFE009EC30A /* Image.jpg */,
				0C19310B1CB37D66009EC30A /* Supporting Files */,
			);
			name = "02-毛玻璃效果";
			path = "Objective-C_iOS7PushingTheLimits";
			sourceTree = "<group>";
		};
		0C19310B1CB37D66009EC30A /* Supporting Files */ = {
			isa = PBXGroup;
			children = (
				0C1931141CB37D66009EC30A /* Main.storyboard */,
				0C1931171CB37D66009EC30A /* Assets.xcassets */,
				0C1931191CB37D66009EC30A /* LaunchScreen.storyboard */,
				0C19311C1CB37D66009EC30A /* Info.plist */,
				0C19310C1CB37D66009EC30A /* main.m */,
			);
			name = "Supporting Files";
			sourceTree = "<group>";
		};
		0C19312C1CB3C1BC009EC30A /* 03-关联引用 */ = {
			isa = PBXGroup;
			children = (
				0C1931301CB3C1BC009EC30A /* AppDelegate.h */,
				0C1931311CB3C1BC009EC30A /* AppDelegate.m */,
				0C1931331CB3C1BC009EC30A /* ViewController.h */,
				0C1931341CB3C1BC009EC30A /* ViewController.m */,
				0C19312D1CB3C1BC009EC30A /* Supporting Files */,
			);
			path = "03-关联引用";
			sourceTree = "<group>";
		};
		0C19312D1CB3C1BC009EC30A /* Supporting Files */ = {
			isa = PBXGroup;
			children = (
				0C1931361CB3C1BC009EC30A /* Main.storyboard */,
				0C1931391CB3C1BC009EC30A /* Assets.xcassets */,
				0C19313B1CB3C1BC009EC30A /* LaunchScreen.storyboard */,
				0C19313E1CB3C1BC009EC30A /* Info.plist */,
				0C19312E1CB3C1BC009EC30A /* main.m */,
			);
			name = "Supporting Files";
			sourceTree = "<group>";
		};
/* End PBXGroup section */

/* Begin PBXNativeTarget section */
		0C0019F91CAF91FB00CD29EC /* 03-NSURLComponents */ = {
			isa = PBXNativeTarget;
			buildConfigurationList = 0C001A101CAF91FB00CD29EC /* Build configuration list for PBXNativeTarget "03-NSURLComponents" */;
			buildPhases = (
				0C0019F61CAF91FB00CD29EC /* Sources */,
				0C0019F71CAF91FB00CD29EC /* Frameworks */,
				0C0019F81CAF91FB00CD29EC /* Resources */,
			);
			buildRules = (
			);
			dependencies = (
			);
			name = "03-NSURLComponents";
			productName = "03-NSURLComponents";
			productReference = 0C0019FA1CAF91FB00CD29EC /* 03-NSURLComponents.app */;
			productType = "com.apple.product-type.application";
		};
		0C1931071CB37D66009EC30A /* Objective-C_iOS7PushingTheLimits */ = {
			isa = PBXNativeTarget;
			buildConfigurationList = 0C19311F1CB37D66009EC30A /* Build configuration list for PBXNativeTarget "Objective-C_iOS7PushingTheLimits" */;
			buildPhases = (
				0C1931041CB37D66009EC30A /* Sources */,
				0C1931051CB37D66009EC30A /* Frameworks */,
				0C1931061CB37D66009EC30A /* Resources */,
			);
			buildRules = (
			);
			dependencies = (
			);
			name = "Objective-C_iOS7PushingTheLimits";
			productName = "Objective-C_iOS7PushingTheLimits";
			productReference = 0C1931081CB37D66009EC30A /* Objective-C_iOS7PushingTheLimits.app */;
			productType = "com.apple.product-type.application";
		};
		0C19312A1CB3C1BC009EC30A /* 03-关联引用 */ = {
			isa = PBXNativeTarget;
			buildConfigurationList = 0C19313F1CB3C1BC009EC30A /* Build configuration list for PBXNativeTarget "03-关联引用" */;
			buildPhases = (
				0C1931271CB3C1BC009EC30A /* Sources */,
				0C1931281CB3C1BC009EC30A /* Frameworks */,
				0C1931291CB3C1BC009EC30A /* Resources */,
			);
			buildRules = (
			);
			dependencies = (
			);
			name = "03-关联引用";
			productName = "03-关联引用";
			productReference = 0C19312B1CB3C1BC009EC30A /* 03-关联引用.app */;
			productType = "com.apple.product-type.application";
		};
/* End PBXNativeTarget section */

/* Begin PBXProject section */
		0C1931001CB37D66009EC30A /* Project object */ = {
			isa = PBXProject;
			attributes = {
				LastUpgradeCheck = 0730;
				ORGANIZATIONNAME = "Yuen-iMac";
				TargetAttributes = {
					0C0019F91CAF91FB00CD29EC = {
						CreatedOnToolsVersion = 7.3;
					};
					0C1931071CB37D66009EC30A = {
						CreatedOnToolsVersion = 7.3;
					};
					0C19312A1CB3C1BC009EC30A = {
						CreatedOnToolsVersion = 7.3;
					};
				};
			};
			buildConfigurationList = 0C1931031CB37D66009EC30A /* Build configuration list for PBXProject "Objective-C_iOS7PushingTheLimits" */;
			compatibilityVersion = "Xcode 3.2";
			developmentRegion = English;
			hasScannedForEncodings = 0;
			knownRegions = (
				en,
				Base,
			);
			mainGroup = 0C1930FF1CB37D66009EC30A;
			productRefGroup = 0C1931091CB37D66009EC30A /* Products */;
			projectDirPath = "";
			projectRoot = "";
			targets = (
				0C1931071CB37D66009EC30A /* Objective-C_iOS7PushingTheLimits */,
				0C19312A1CB3C1BC009EC30A /* 03-关联引用 */,
				0C0019F91CAF91FB00CD29EC /* 03-NSURLComponents */,
			);
		};
/* End PBXProject section */

/* Begin PBXResourcesBuildPhase section */
		0C0019F81CAF91FB00CD29EC /* Resources */ = {
			isa = PBXResourcesBuildPhase;
			buildActionMask = 2147483647;
			files = (
				0C001A0C1CAF91FB00CD29EC /* LaunchScreen.storyboard in Resources */,
				0C001A091CAF91FB00CD29EC /* Assets.xcassets in Resources */,
				0C001A071CAF91FB00CD29EC /* Main.storyboard in Resources */,
			);
			runOnlyForDeploymentPostprocessing = 0;
		};
		0C1931061CB37D66009EC30A /* Resources */ = {
			isa = PBXResourcesBuildPhase;
			buildActionMask = 2147483647;
			files = (
				0C19311B1CB37D66009EC30A /* LaunchScreen.storyboard in Resources */,
				0C1931181CB37D66009EC30A /* Assets.xcassets in Resources */,
				0C1931161CB37D66009EC30A /* Main.storyboard in Resources */,
				0C1931231CB37DFE009EC30A /* Image.jpg in Resources */,
			);
			runOnlyForDeploymentPostprocessing = 0;
		};
		0C1931291CB3C1BC009EC30A /* Resources */ = {
			isa = PBXResourcesBuildPhase;
			buildActionMask = 2147483647;
			files = (
				0C19313D1CB3C1BC009EC30A /* LaunchScreen.storyboard in Resources */,
				0C19313A1CB3C1BC009EC30A /* Assets.xcassets in Resources */,
				0C1931381CB3C1BC009EC30A /* Main.storyboard in Resources */,
			);
			runOnlyForDeploymentPostprocessing = 0;
		};
/* End PBXResourcesBuildPhase section */

/* Begin PBXSourcesBuildPhase section */
		0C0019F61CAF91FB00CD29EC /* Sources */ = {
			isa = PBXSourcesBuildPhase;
			buildActionMask = 2147483647;
			files = (
				0C001A041CAF91FB00CD29EC /* ViewController.m in Sources */,
				0C001A011CAF91FB00CD29EC /* AppDelegate.m in Sources */,
				0C0019FE1CAF91FB00CD29EC /* main.m in Sources */,
			);
			runOnlyForDeploymentPostprocessing = 0;
		};
		0C1931041CB37D66009EC30A /* Sources */ = {
			isa = PBXSourcesBuildPhase;
			buildActionMask = 2147483647;
			files = (
				0C1931261CB3AD40009EC30A /* UIImage+ImageEffects.m in Sources */,
				0C1931131CB37D66009EC30A /* ViewController.m in Sources */,
				0C1931101CB37D66009EC30A /* AppDelegate.m in Sources */,
				0C19310D1CB37D66009EC30A /* main.m in Sources */,
			);
			runOnlyForDeploymentPostprocessing = 0;
		};
		0C1931271CB3C1BC009EC30A /* Sources */ = {
			isa = PBXSourcesBuildPhase;
			buildActionMask = 2147483647;
			files = (
				0C1931351CB3C1BC009EC30A /* ViewController.m in Sources */,
				0C1931321CB3C1BC009EC30A /* AppDelegate.m in Sources */,
				0C19312F1CB3C1BC009EC30A /* main.m in Sources */,
			);
			runOnlyForDeploymentPostprocessing = 0;
		};
/* End PBXSourcesBuildPhase section */

/* Begin PBXVariantGroup section */
		0C001A051CAF91FB00CD29EC /* Main.storyboard */ = {
			isa = PBXVariantGroup;
			children = (
				0C001A061CAF91FB00CD29EC /* Base */,
			);
			name = Main.storyboard;
			sourceTree = "<group>";
		};
		0C001A0A1CAF91FB00CD29EC /* LaunchScreen.storyboard */ = {
			isa = PBXVariantGroup;
			children = (
				0C001A0B1CAF91FB00CD29EC /* Base */,
			);
			name = LaunchScreen.storyboard;
			sourceTree = "<group>";
		};
		0C1931141CB37D66009EC30A /* Main.storyboard */ = {
			isa = PBXVariantGroup;
			children = (
				0C1931151CB37D66009EC30A /* Base */,
			);
			name = Main.storyboard;
			sourceTree = "<group>";
		};
		0C1931191CB37D66009EC30A /* LaunchScreen.storyboard */ = {
			isa = PBXVariantGroup;
			children = (
				0C19311A1CB37D66009EC30A /* Base */,
			);
			name = LaunchScreen.storyboard;
			sourceTree = "<group>";
		};
		0C1931361CB3C1BC009EC30A /* Main.storyboard */ = {
			isa = PBXVariantGroup;
			children = (
				0C1931371CB3C1BC009EC30A /* Base */,
			);
			name = Main.storyboard;
			sourceTree = "<group>";
		};
		0C19313B1CB3C1BC009EC30A /* LaunchScreen.storyboard */ = {
			isa = PBXVariantGroup;
			children = (
				0C19313C1CB3C1BC009EC30A /* Base */,
			);
			name = LaunchScreen.storyboard;
			sourceTree = "<group>";
		};
/* End PBXVariantGroup section */

/* Begin XCBuildConfiguration section */
		0C001A0E1CAF91FB00CD29EC /* Debug */ = {
			isa = XCBuildConfiguration;
			buildSettings = {
				ASSETCATALOG_COMPILER_APPICON_NAME = AppIcon;
				INFOPLIST_FILE = "03-NSURLComponents/Info.plist";
				LD_RUNPATH_SEARCH_PATHS = "$(inherited) @executable_path/Frameworks";
				PRODUCT_BUNDLE_IDENTIFIER = "com.Yuen.-3-NSURLComponents";
				PRODUCT_NAME = "$(TARGET_NAME)";
			};
			name = Debug;
		};
		0C001A0F1CAF91FB00CD29EC /* Release */ = {
			isa = XCBuildConfiguration;
			buildSettings = {
				ASSETCATALOG_COMPILER_APPICON_NAME = AppIcon;
				INFOPLIST_FILE = "03-NSURLComponents/Info.plist";
				LD_RUNPATH_SEARCH_PATHS = "$(inherited) @executable_path/Frameworks";
				PRODUCT_BUNDLE_IDENTIFIER = "com.Yuen.-3-NSURLComponents";
				PRODUCT_NAME = "$(TARGET_NAME)";
			};
			name = Release;
		};
		0C19311D1CB37D66009EC30A /* Debug */ = {
			isa = XCBuildConfiguration;
			buildSettings = {
				ALWAYS_SEARCH_USER_PATHS = NO;
				CLANG_ANALYZER_NONNULL = YES;
				CLANG_CXX_LANGUAGE_STANDARD = "gnu++0x";
				CLANG_CXX_LIBRARY = "libc++";
				CLANG_ENABLE_MODULES = YES;
				CLANG_ENABLE_OBJC_ARC = YES;
				CLANG_WARN_BOOL_CONVERSION = YES;
				CLANG_WARN_CONSTANT_CONVERSION = YES;
				CLANG_WARN_DIRECT_OBJC_ISA_USAGE = YES_ERROR;
				CLANG_WARN_EMPTY_BODY = YES;
				CLANG_WARN_ENUM_CONVERSION = YES;
				CLANG_WARN_INT_CONVERSION = YES;
				CLANG_WARN_OBJC_ROOT_CLASS = YES_ERROR;
				CLANG_WARN_UNREACHABLE_CODE = YES;
				CLANG_WARN__DUPLICATE_METHOD_MATCH = YES;
				"CODE_SIGN_IDENTITY[sdk=iphoneos*]" = "iPhone Developer";
				COPY_PHASE_STRIP = NO;
				DEBUG_INFORMATION_FORMAT = dwarf;
				ENABLE_STRICT_OBJC_MSGSEND = YES;
				ENABLE_TESTABILITY = YES;
				GCC_C_LANGUAGE_STANDARD = gnu99;
				GCC_DYNAMIC_NO_PIC = NO;
				GCC_NO_COMMON_BLOCKS = YES;
				GCC_OPTIMIZATION_LEVEL = 0;
				GCC_PREPROCESSOR_DEFINITIONS = (
					"DEBUG=1",
					"$(inherited)",
				);
				GCC_WARN_64_TO_32_BIT_CONVERSION = YES;
				GCC_WARN_ABOUT_RETURN_TYPE = YES_ERROR;
				GCC_WARN_UNDECLARED_SELECTOR = YES;
				GCC_WARN_UNINITIALIZED_AUTOS = YES_AGGRESSIVE;
				GCC_WARN_UNUSED_FUNCTION = YES;
				GCC_WARN_UNUSED_VARIABLE = YES;
				IPHONEOS_DEPLOYMENT_TARGET = 9.3;
				MTL_ENABLE_DEBUG_INFO = YES;
				ONLY_ACTIVE_ARCH = YES;
				SDKROOT = iphoneos;
			};
			name = Debug;
		};
		0C19311E1CB37D66009EC30A /* Release */ = {
			isa = XCBuildConfiguration;
			buildSettings = {
				ALWAYS_SEARCH_USER_PATHS = NO;
				CLANG_ANALYZER_NONNULL = YES;
				CLANG_CXX_LANGUAGE_STANDARD = "gnu++0x";
				CLANG_CXX_LIBRARY = "libc++";
				CLANG_ENABLE_MODULES = YES;
				CLANG_ENABLE_OBJC_ARC = YES;
				CLANG_WARN_BOOL_CONVERSION = YES;
				CLANG_WARN_CONSTANT_CONVERSION = YES;
				CLANG_WARN_DIRECT_OBJC_ISA_USAGE = YES_ERROR;
				CLANG_WARN_EMPTY_BODY = YES;
				CLANG_WARN_ENUM_CONVERSION = YES;
				CLANG_WARN_INT_CONVERSION = YES;
				CLANG_WARN_OBJC_ROOT_CLASS = YES_ERROR;
				CLANG_WARN_UNREACHABLE_CODE = YES;
				CLANG_WARN__DUPLICATE_METHOD_MATCH = YES;
				"CODE_SIGN_IDENTITY[sdk=iphoneos*]" = "iPhone Developer";
				COPY_PHASE_STRIP = NO;
				DEBUG_INFORMATION_FORMAT = "dwarf-with-dsym";
				ENABLE_NS_ASSERTIONS = NO;
				ENABLE_STRICT_OBJC_MSGSEND = YES;
				GCC_C_LANGUAGE_STANDARD = gnu99;
				GCC_NO_COMMON_BLOCKS = YES;
				GCC_WARN_64_TO_32_BIT_CONVERSION = YES;
				GCC_WARN_ABOUT_RETURN_TYPE = YES_ERROR;
				GCC_WARN_UNDECLARED_SELECTOR = YES;
				GCC_WARN_UNINITIALIZED_AUTOS = YES_AGGRESSIVE;
				GCC_WARN_UNUSED_FUNCTION = YES;
				GCC_WARN_UNUSED_VARIABLE = YES;
				IPHONEOS_DEPLOYMENT_TARGET = 9.3;
				MTL_ENABLE_DEBUG_INFO = NO;
				SDKROOT = iphoneos;
				VALIDATE_PRODUCT = YES;
			};
			name = Release;
		};
		0C1931201CB37D66009EC30A /* Debug */ = {
			isa = XCBuildConfiguration;
			buildSettings = {
				ASSETCATALOG_COMPILER_APPICON_NAME = AppIcon;
				INFOPLIST_FILE = "Objective-C_iOS7PushingTheLimits/Info.plist";
				LD_RUNPATH_SEARCH_PATHS = "$(inherited) @executable_path/Frameworks";
				PRODUCT_BUNDLE_IDENTIFIER = "com.Yuen.Objective-C-iOS7PushingTheLimits";
				PRODUCT_NAME = "$(TARGET_NAME)";
			};
			name = Debug;
		};
		0C1931211CB37D66009EC30A /* Release */ = {
			isa = XCBuildConfiguration;
			buildSettings = {
				ASSETCATALOG_COMPILER_APPICON_NAME = AppIcon;
				INFOPLIST_FILE = "Objective-C_iOS7PushingTheLimits/Info.plist";
				LD_RUNPATH_SEARCH_PATHS = "$(inherited) @executable_path/Frameworks";
				PRODUCT_BUNDLE_IDENTIFIER = "com.Yuen.Objective-C-iOS7PushingTheLimits";
				PRODUCT_NAME = "$(TARGET_NAME)";
			};
			name = Release;
		};
		0C1931401CB3C1BC009EC30A /* Debug */ = {
			isa = XCBuildConfiguration;
			buildSettings = {
				ASSETCATALOG_COMPILER_APPICON_NAME = AppIcon;
				INFOPLIST_FILE = "03-关联引用/Info.plist";
				LD_RUNPATH_SEARCH_PATHS = "$(inherited) @executable_path/Frameworks";
				PRODUCT_BUNDLE_IDENTIFIER = "com.Yuen.-3-----";
				PRODUCT_NAME = "$(TARGET_NAME)";
			};
			name = Debug;
		};
		0C1931411CB3C1BC009EC30A /* Release */ = {
			isa = XCBuildConfiguration;
			buildSettings = {
				ASSETCATALOG_COMPILER_APPICON_NAME = AppIcon;
				INFOPLIST_FILE = "03-关联引用/Info.plist";
				LD_RUNPATH_SEARCH_PATHS = "$(inherited) @executable_path/Frameworks";
				PRODUCT_BUNDLE_IDENTIFIER = "com.Yuen.-3-----";
				PRODUCT_NAME = "$(TARGET_NAME)";
			};
			name = Release;
		};
/* End XCBuildConfiguration section */

/* Begin XCConfigurationList section */
		0C001A101CAF91FB00CD29EC /* Build configuration list for PBXNativeTarget "03-NSURLComponents" */ = {
			isa = XCConfigurationList;
			buildConfigurations = (
				0C001A0E1CAF91FB00CD29EC /* Debug */,
				0C001A0F1CAF91FB00CD29EC /* Release */,
			);
			defaultConfigurationIsVisible = 0;
		};
		0C1931031CB37D66009EC30A /* Build configuration list for PBXProject "Objective-C_iOS7PushingTheLimits" */ = {
			isa = XCConfigurationList;
			buildConfigurations = (
				0C19311D1CB37D66009EC30A /* Debug */,
				0C19311E1CB37D66009EC30A /* Release */,
			);
			defaultConfigurationIsVisible = 0;
			defaultConfigurationName = Release;
		};
		0C19311F1CB37D66009EC30A /* Build configuration list for PBXNativeTarget "Objective-C_iOS7PushingTheLimits" */ = {
			isa = XCConfigurationList;
			buildConfigurations = (
				0C1931201CB37D66009EC30A /* Debug */,
				0C1931211CB37D66009EC30A /* Release */,
			);
			defaultConfigurationIsVisible = 0;
			defaultConfigurationName = Release;
		};
		0C19313F1CB3C1BC009EC30A /* Build configuration list for PBXNativeTarget "03-关联引用" */ = {
			isa = XCConfigurationList;
			buildConfigurations = (
				0C1931401CB3C1BC009EC30A /* Debug */,
				0C1931411CB3C1BC009EC30A /* Release */,
			);
			defaultConfigurationIsVisible = 0;
			defaultConfigurationName = Release;
		};
/* End XCConfigurationList section */
	};
	rootObject = 0C1931001CB37D66009EC30A /* Project object */;
}
